
Microsoft Visual Studio Solution File, Format Version 12.00
# Visual Studio Version 17
VisualStudioVersion = 17.13.35507.96 d17.13
MinimumVisualStudioVersion = 10.0.40219.1
Project("{FAE04EC0-301F-11D3-BF4B-00C04F79EFBC}") = "Get Started", "Get Started\Get Started.csproj", "{DE126D52-F700-4C4A-8718-6ED92F219607}"
EndProject
Global
	GlobalSection(SolutionConfigurationPlatforms) = preSolution
		Debug|Any CPU = Debug|Any CPU
		Release|Any CPU = Release|Any CPU
	EndGlobalSection
	GlobalSection(ProjectConfigurationPlatforms) = postSolution
		{DE126D52-F700-4C4A-8718-6ED92F219607}.Debug|Any CPU.ActiveCfg = Debug|Any CPU
		{DE126D52-F700-4C4A-8718-6ED92F219607}.Debug|Any CPU.Build.0 = Debug|Any CPU
		{DE126D52-F700-4C4A-8718-6ED92F219607}.Release|Any CPU.ActiveCfg = Release|Any CPU
		{DE126D52-F700-4C4A-8718-6ED92F219607}.Release|Any CPU.Build.0 = Release|Any CPU
	EndGlobalSection
	GlobalSection(SolutionProperties) = preSolution
		HideSolutionNode = FALSE
	EndGlobalSection
	GlobalSection(ExtensibilityGlobals) = postSolution
		SolutionGuid = {E9958B21-0111-4A00-BCBF-3AE7F0689910}
	EndGlobalSection
EndGlobal
